
Microsoft Visual Studio Solution File, Format Version 12.00
Project("{2150E333-8FDC-42A3-9474-1A3956D46DE8}") = "Core", "Core", "{A5722BCC-80F4-4C32-ACEF-6A36F7CEE5D3}"
EndProject
Project("{2150E333-8FDC-42A3-9474-1A3956D46DE8}") = "Infrastructures", "Infrastructures", "{B3557B87-9468-4F3F-83D3-794206C6BAF5}"
EndProject
Project("{2150E333-8FDC-42A3-9474-1A3956D46DE8}") = "Presentation", "Presentation", "{EAB49B46-1604-433A-980A-968BC49861ED}"
EndProject
Project("{2150E333-8FDC-42A3-9474-1A3956D46DE8}") = "Tests", "Tests", "{7B4B7D68-8494-428C-9CA7-59B73220C38C}"
EndProject
Project("{FAE04EC0-301F-11D3-BF4B-00C04F79EFBC}") = "ApplicationServices", "ApplicationServices\ApplicationServices.csproj", "{66C2029F-B521-4A05-870F-9E1232B4C2C1}"
EndProject
Project("{FAE04EC0-301F-11D3-BF4B-00C04F79EFBC}") = "Domain", "Domain\Domain.csproj", "{DE51B94B-2EB6-4803-BBE0-CECE479C8B08}"
EndProject
Project("{2150E333-8FDC-42A3-9474-1A3956D46DE8}") = "SharedKernel", "SharedKernel", "{C3AE5252-3310-4480-BCC5-BA7287B1BDCA}"
EndProject
Project("{FAE04EC0-301F-11D3-BF4B-00C04F79EFBC}") = "Shared", "Shared\Shared.csproj", "{26BDD4D6-64C4-43B5-A710-9A9E1C4DD4D1}"
EndProject
Project("{FAE04EC0-301F-11D3-BF4B-00C04F79EFBC}") = "Infrastructure", "Infrastructure\Infrastructure.csproj", "{534F6D54-CF26-441F-B903-CBFE16B08122}"
EndProject
Project("{FAE04EC0-301F-11D3-BF4B-00C04F79EFBC}") = "MessageBus", "MessageBus\MessageBus.csproj", "{219D1298-33C9-4073-BCE7-38D4144EB56E}"
EndProject
Project("{FAE04EC0-301F-11D3-BF4B-00C04F79EFBC}") = "Persistence", "Persistence\Persistence.csproj", "{7F7E9AB1-9315-40A8-849D-3EBF06B258F0}"
EndProject
Project("{FAE04EC0-301F-11D3-BF4B-00C04F79EFBC}") = "CardServiceAPI", "CardServiceAPI\CardServiceAPI.csproj", "{4DAA55D0-2D5A-4A5E-B328-DA2861C7ED66}"
EndProject
Project("{FAE04EC0-301F-11D3-BF4B-00C04F79EFBC}") = "LeatherbackCardTest", "LeatherbackCardTest\LeatherbackCardTest.csproj", "{DD57D2BA-C745-445F-A7D3-6ABA35F48B28}"
EndProject
Global
	GlobalSection(SolutionConfigurationPlatforms) = preSolution
		Debug|Any CPU = Debug|Any CPU
		Release|Any CPU = Release|Any CPU
	EndGlobalSection
	GlobalSection(NestedProjects) = preSolution
		{66C2029F-B521-4A05-870F-9E1232B4C2C1} = {A5722BCC-80F4-4C32-ACEF-6A36F7CEE5D3}
		{DE51B94B-2EB6-4803-BBE0-CECE479C8B08} = {A5722BCC-80F4-4C32-ACEF-6A36F7CEE5D3}
		{26BDD4D6-64C4-43B5-A710-9A9E1C4DD4D1} = {C3AE5252-3310-4480-BCC5-BA7287B1BDCA}
		{534F6D54-CF26-441F-B903-CBFE16B08122} = {B3557B87-9468-4F3F-83D3-794206C6BAF5}
		{219D1298-33C9-4073-BCE7-38D4144EB56E} = {B3557B87-9468-4F3F-83D3-794206C6BAF5}
		{7F7E9AB1-9315-40A8-849D-3EBF06B258F0} = {B3557B87-9468-4F3F-83D3-794206C6BAF5}
		{4DAA55D0-2D5A-4A5E-B328-DA2861C7ED66} = {EAB49B46-1604-433A-980A-968BC49861ED}
		{DD57D2BA-C745-445F-A7D3-6ABA35F48B28} = {7B4B7D68-8494-428C-9CA7-59B73220C38C}
	EndGlobalSection
	GlobalSection(ProjectConfigurationPlatforms) = postSolution
		{66C2029F-B521-4A05-870F-9E1232B4C2C1}.Debug|Any CPU.ActiveCfg = Debug|Any CPU
		{66C2029F-B521-4A05-870F-9E1232B4C2C1}.Debug|Any CPU.Build.0 = Debug|Any CPU
		{66C2029F-B521-4A05-870F-9E1232B4C2C1}.Release|Any CPU.ActiveCfg = Release|Any CPU
		{66C2029F-B521-4A05-870F-9E1232B4C2C1}.Release|Any CPU.Build.0 = Release|Any CPU
		{DE51B94B-2EB6-4803-BBE0-CECE479C8B08}.Debug|Any CPU.ActiveCfg = Debug|Any CPU
		{DE51B94B-2EB6-4803-BBE0-CECE479C8B08}.Debug|Any CPU.Build.0 = Debug|Any CPU
		{DE51B94B-2EB6-4803-BBE0-CECE479C8B08}.Release|Any CPU.ActiveCfg = Release|Any CPU
		{DE51B94B-2EB6-4803-BBE0-CECE479C8B08}.Release|Any CPU.Build.0 = Release|Any CPU
		{26BDD4D6-64C4-43B5-A710-9A9E1C4DD4D1}.Debug|Any CPU.ActiveCfg = Debug|Any CPU
		{26BDD4D6-64C4-43B5-A710-9A9E1C4DD4D1}.Debug|Any CPU.Build.0 = Debug|Any CPU
		{26BDD4D6-64C4-43B5-A710-9A9E1C4DD4D1}.Release|Any CPU.ActiveCfg = Release|Any CPU
		{26BDD4D6-64C4-43B5-A710-9A9E1C4DD4D1}.Release|Any CPU.Build.0 = Release|Any CPU
		{534F6D54-CF26-441F-B903-CBFE16B08122}.Debug|Any CPU.ActiveCfg = Debug|Any CPU
		{534F6D54-CF26-441F-B903-CBFE16B08122}.Debug|Any CPU.Build.0 = Debug|Any CPU
		{534F6D54-CF26-441F-B903-CBFE16B08122}.Release|Any CPU.ActiveCfg = Release|Any CPU
		{534F6D54-CF26-441F-B903-CBFE16B08122}.Release|Any CPU.Build.0 = Release|Any CPU
		{219D1298-33C9-4073-BCE7-38D4144EB56E}.Debug|Any CPU.ActiveCfg = Debug|Any CPU
		{219D1298-33C9-4073-BCE7-38D4144EB56E}.Debug|Any CPU.Build.0 = Debug|Any CPU
		{219D1298-33C9-4073-BCE7-38D4144EB56E}.Release|Any CPU.ActiveCfg = Release|Any CPU
		{219D1298-33C9-4073-BCE7-38D4144EB56E}.Release|Any CPU.Build.0 = Release|Any CPU
		{7F7E9AB1-9315-40A8-849D-3EBF06B258F0}.Debug|Any CPU.ActiveCfg = Debug|Any CPU
		{7F7E9AB1-9315-40A8-849D-3EBF06B258F0}.Debug|Any CPU.Build.0 = Debug|Any CPU
		{7F7E9AB1-9315-40A8-849D-3EBF06B258F0}.Release|Any CPU.ActiveCfg = Release|Any CPU
		{7F7E9AB1-9315-40A8-849D-3EBF06B258F0}.Release|Any CPU.Build.0 = Release|Any CPU
		{4DAA55D0-2D5A-4A5E-B328-DA2861C7ED66}.Debug|Any CPU.ActiveCfg = Debug|Any CPU
		{4DAA55D0-2D5A-4A5E-B328-DA2861C7ED66}.Debug|Any CPU.Build.0 = Debug|Any CPU
		{4DAA55D0-2D5A-4A5E-B328-DA2861C7ED66}.Release|Any CPU.ActiveCfg = Release|Any CPU
		{4DAA55D0-2D5A-4A5E-B328-DA2861C7ED66}.Release|Any CPU.Build.0 = Release|Any CPU
		{DD57D2BA-C745-445F-A7D3-6ABA35F48B28}.Debug|Any CPU.ActiveCfg = Debug|Any CPU
		{DD57D2BA-C745-445F-A7D3-6ABA35F48B28}.Debug|Any CPU.Build.0 = Debug|Any CPU
		{DD57D2BA-C745-445F-A7D3-6ABA35F48B28}.Release|Any CPU.ActiveCfg = Release|Any CPU
		{DD57D2BA-C745-445F-A7D3-6ABA35F48B28}.Release|Any CPU.Build.0 = Release|Any CPU
	EndGlobalSection
EndGlobal
